
Microsoft Visual Studio Solution File, Format Version 12.00
# Visual Studio Version 17
VisualStudioVersion = 17.5.33530.505
MinimumVisualStudioVersion = 10.0.40219.1
Project("{FAE04EC0-301F-11D3-BF4B-00C04F79EFBC}") = "String_Exercise1", "String_Exercise1\String_Exercise1.csproj", "{13A134AC-AE3E-47EB-8D41-862D1D68F253}"
EndProject
Global
	GlobalSection(SolutionConfigurationPlatforms) = preSolution
		Debug|Any CPU = Debug|Any CPU
		Release|Any CPU = Release|Any CPU
	EndGlobalSection
	GlobalSection(ProjectConfigurationPlatforms) = postSolution
		{13A134AC-AE3E-47EB-8D41-862D1D68F253}.Debug|Any CPU.ActiveCfg = Debug|Any CPU
		{13A134AC-AE3E-47EB-8D41-862D1D68F253}.Debug|Any CPU.Build.0 = Debug|Any CPU
		{13A134AC-AE3E-47EB-8D41-862D1D68F253}.Release|Any CPU.ActiveCfg = Release|Any CPU
		{13A134AC-AE3E-47EB-8D41-862D1D68F253}.Release|Any CPU.Build.0 = Release|Any CPU
	EndGlobalSection
	GlobalSection(SolutionProperties) = preSolution
		HideSolutionNode = FALSE
	EndGlobalSection
	GlobalSection(ExtensibilityGlobals) = postSolution
		SolutionGuid = {D7881448-FA32-4E92-B4F1-E0DC292C8070}
	EndGlobalSection
EndGlobal
